
Microsoft Visual Studio Solution File, Format Version 12.00
# Visual Studio Version 17
VisualStudioVersion = 17.6.33712.159
MinimumVisualStudioVersion = 10.0.40219.1
Project("{9A19103F-16F7-4668-BE54-9A1E7A4F7556}") = "Aula01-OlaMundo", "Aula01-OlaMundo\Aula01-OlaMundo.csproj", "{D79DC406-39F6-466C-BE70-4E8C6BB632DD}"
EndProject
Project("{9A19103F-16F7-4668-BE54-9A1E7A4F7556}") = "Aula02-CriandoVariaveis", "Aula02-CriandoVariaveis\Aula02-CriandoVariaveis.csproj", "{4416A98F-983F-4FB0-9FFF-0452710E042A}"
EndProject
Project("{9A19103F-16F7-4668-BE54-9A1E7A4F7556}") = "Aula03-CriandoVariaveisPontoFlutuante", "Aula03-CriandoVariaveisPontoFlutuante\Aula03-CriandoVariaveisPontoFlutuante.csproj", "{24246310-ACE4-4BC2-9390-A6871DA412F0}"
EndProject
Project("{FAE04EC0-301F-11D3-BF4B-00C04F79EFBC}") = "Aula04-ConversaoEOutrosTipos", "Aula04-ConversaoEOutrosTipos\Aula04-ConversaoEOutrosTipos.csproj", "{2DD82047-AC98-460F-A9A3-EB6AC2AE6BD0}"
EndProject
Project("{FAE04EC0-301F-11D3-BF4B-00C04F79EFBC}") = "Aula05-CaracteresETextos", "Aula05-CaracteresETextos\Aula05-CaracteresETextos.csproj", "{8DA4DC2E-52F5-4D5C-9728-053446D7EC05}"
EndProject
Global
	GlobalSection(SolutionConfigurationPlatforms) = preSolution
		Debug|Any CPU = Debug|Any CPU
		Release|Any CPU = Release|Any CPU
	EndGlobalSection
	GlobalSection(ProjectConfigurationPlatforms) = postSolution
		{D79DC406-39F6-466C-BE70-4E8C6BB632DD}.Debug|Any CPU.ActiveCfg = Debug|Any CPU
		{D79DC406-39F6-466C-BE70-4E8C6BB632DD}.Debug|Any CPU.Build.0 = Debug|Any CPU
		{D79DC406-39F6-466C-BE70-4E8C6BB632DD}.Release|Any CPU.ActiveCfg = Release|Any CPU
		{D79DC406-39F6-466C-BE70-4E8C6BB632DD}.Release|Any CPU.Build.0 = Release|Any CPU
		{4416A98F-983F-4FB0-9FFF-0452710E042A}.Debug|Any CPU.ActiveCfg = Debug|Any CPU
		{4416A98F-983F-4FB0-9FFF-0452710E042A}.Debug|Any CPU.Build.0 = Debug|Any CPU
		{4416A98F-983F-4FB0-9FFF-0452710E042A}.Release|Any CPU.ActiveCfg = Release|Any CPU
		{4416A98F-983F-4FB0-9FFF-0452710E042A}.Release|Any CPU.Build.0 = Release|Any CPU
		{24246310-ACE4-4BC2-9390-A6871DA412F0}.Debug|Any CPU.ActiveCfg = Debug|Any CPU
		{24246310-ACE4-4BC2-9390-A6871DA412F0}.Debug|Any CPU.Build.0 = Debug|Any CPU
		{24246310-ACE4-4BC2-9390-A6871DA412F0}.Release|Any CPU.ActiveCfg = Release|Any CPU
		{24246310-ACE4-4BC2-9390-A6871DA412F0}.Release|Any CPU.Build.0 = Release|Any CPU
		{2DD82047-AC98-460F-A9A3-EB6AC2AE6BD0}.Debug|Any CPU.ActiveCfg = Debug|Any CPU
		{2DD82047-AC98-460F-A9A3-EB6AC2AE6BD0}.Debug|Any CPU.Build.0 = Debug|Any CPU
		{2DD82047-AC98-460F-A9A3-EB6AC2AE6BD0}.Release|Any CPU.ActiveCfg = Release|Any CPU
		{2DD82047-AC98-460F-A9A3-EB6AC2AE6BD0}.Release|Any CPU.Build.0 = Release|Any CPU
		{8DA4DC2E-52F5-4D5C-9728-053446D7EC05}.Debug|Any CPU.ActiveCfg = Debug|Any CPU
		{8DA4DC2E-52F5-4D5C-9728-053446D7EC05}.Debug|Any CPU.Build.0 = Debug|Any CPU
		{8DA4DC2E-52F5-4D5C-9728-053446D7EC05}.Release|Any CPU.ActiveCfg = Release|Any CPU
		{8DA4DC2E-52F5-4D5C-9728-053446D7EC05}.Release|Any CPU.Build.0 = Release|Any CPU
	EndGlobalSection
	GlobalSection(SolutionProperties) = preSolution
		HideSolutionNode = FALSE
	EndGlobalSection
	GlobalSection(ExtensibilityGlobals) = postSolution
		SolutionGuid = {5F5911CE-0064-41AC-B208-DFA1D751BF41}
	EndGlobalSection
EndGlobal
